
Microsoft Visual Studio Solution File, Format Version 12.00
# Visual Studio Version 17
VisualStudioVersion = 17.11.35327.3
MinimumVisualStudioVersion = 10.0.40219.1
Project("{9A19103F-16F7-4668-BE54-9A1E7A4F7556}") = "MyPdf", "MyPdf\MyPdf.csproj", "{B6B0F37E-DD73-43CF-889A-606F1502A6C6}"
EndProject
Project("{9A19103F-16F7-4668-BE54-9A1E7A4F7556}") = "ThemedWindow", "..\ThemedWindow\ThemedWindow\ThemedWindow.csproj", "{4F578BD8-9BE6-45D0-8F59-8A113AC319D8}"
EndProject
Project("{2150E333-8FDC-42A3-9474-1A3956D46DE8}") = "Drafts", "Drafts", "{C0214498-8A87-4797-872A-7259633AC143}"
	ProjectSection(SolutionItems) = preProject
		MyPdf\Main\OtzariaHost.cs = MyPdf\Main\OtzariaHost.cs
	EndProjectSection
EndProject
Project("{9A19103F-16F7-4668-BE54-9A1E7A4F7556}") = "MyPdf.SF", "MyPdf.SF\MyPdf.SF.csproj", "{6DCF0AF7-6CD6-41EB-A9AA-65F0025515E4}"
EndProject
Global
	GlobalSection(SolutionConfigurationPlatforms) = preSolution
		Debug|Any CPU = Debug|Any CPU
		Release|Any CPU = Release|Any CPU
	EndGlobalSection
	GlobalSection(ProjectConfigurationPlatforms) = postSolution
		{B6B0F37E-DD73-43CF-889A-606F1502A6C6}.Debug|Any CPU.ActiveCfg = Debug|Any CPU
		{B6B0F37E-DD73-43CF-889A-606F1502A6C6}.Debug|Any CPU.Build.0 = Debug|Any CPU
		{B6B0F37E-DD73-43CF-889A-606F1502A6C6}.Release|Any CPU.ActiveCfg = Release|Any CPU
		{B6B0F37E-DD73-43CF-889A-606F1502A6C6}.Release|Any CPU.Build.0 = Release|Any CPU
		{4F578BD8-9BE6-45D0-8F59-8A113AC319D8}.Debug|Any CPU.ActiveCfg = Debug|Any CPU
		{4F578BD8-9BE6-45D0-8F59-8A113AC319D8}.Debug|Any CPU.Build.0 = Debug|Any CPU
		{4F578BD8-9BE6-45D0-8F59-8A113AC319D8}.Release|Any CPU.ActiveCfg = Release|Any CPU
		{4F578BD8-9BE6-45D0-8F59-8A113AC319D8}.Release|Any CPU.Build.0 = Release|Any CPU
		{6DCF0AF7-6CD6-41EB-A9AA-65F0025515E4}.Debug|Any CPU.ActiveCfg = Debug|Any CPU
		{6DCF0AF7-6CD6-41EB-A9AA-65F0025515E4}.Debug|Any CPU.Build.0 = Debug|Any CPU
		{6DCF0AF7-6CD6-41EB-A9AA-65F0025515E4}.Release|Any CPU.ActiveCfg = Release|Any CPU
		{6DCF0AF7-6CD6-41EB-A9AA-65F0025515E4}.Release|Any CPU.Build.0 = Release|Any CPU
	EndGlobalSection
	GlobalSection(SolutionProperties) = preSolution
		HideSolutionNode = FALSE
	EndGlobalSection
	GlobalSection(ExtensibilityGlobals) = postSolution
		SolutionGuid = {FFB37B30-C508-4E2C-BF8C-37D13D136599}
	EndGlobalSection
EndGlobal
